
Microsoft Visual Studio Solution File, Format Version 12.00
# Visual Studio Version 17
VisualStudioVersion = 17.8.34316.72
MinimumVisualStudioVersion = 10.0.40219.1
Project("{9A19103F-16F7-4668-BE54-9A1E7A4F7556}") = "Bulldog.Api", "Bulldog.Api\Bulldog.Api.csproj", "{6E13ABF5-E215-4DE0-8DC2-6E2C8CDA959D}"
EndProject
Project("{9A19103F-16F7-4668-BE54-9A1E7A4F7556}") = "Bulldog.Infrastructure", "Infrastructure\Bulldog.Infrastructure.csproj", "{27071E7E-E385-4002-8866-1938166980D6}"
EndProject
Project("{9A19103F-16F7-4668-BE54-9A1E7A4F7556}") = "Bulldog.Core", "Bulldog.Core\Bulldog.Core.csproj", "{C7EEE478-35D4-4429-B929-2625C45F2531}"
EndProject
Project("{9A19103F-16F7-4668-BE54-9A1E7A4F7556}") = "Bulldog.Tests", "BulldogTests\Bulldog.Tests.csproj", "{9980FD0A-F8F2-4311-A0AA-F18C67C3D9B9}"
EndProject
Project("{9A19103F-16F7-4668-BE54-9A1E7A4F7556}") = "Bulldog.Tests.EndToEnd", "Bulldog.Tests.EndToEnd\Bulldog.Tests.EndToEnd.csproj", "{BE0ACBF4-9587-4BBF-9246-2A4963FF2FB1}"
EndProject
Project("{9A19103F-16F7-4668-BE54-9A1E7A4F7556}") = "BulldogApiFrontend", "BulldogApiFrontend\BulldogApiFrontend.csproj", "{D8E63434-3C7D-40C6-A246-3C48652E8933}"
EndProject
Global
	GlobalSection(SolutionConfigurationPlatforms) = preSolution
		Debug|Any CPU = Debug|Any CPU
		Release|Any CPU = Release|Any CPU
	EndGlobalSection
	GlobalSection(ProjectConfigurationPlatforms) = postSolution
		{6E13ABF5-E215-4DE0-8DC2-6E2C8CDA959D}.Debug|Any CPU.ActiveCfg = Debug|Any CPU
		{6E13ABF5-E215-4DE0-8DC2-6E2C8CDA959D}.Debug|Any CPU.Build.0 = Debug|Any CPU
		{6E13ABF5-E215-4DE0-8DC2-6E2C8CDA959D}.Release|Any CPU.ActiveCfg = Release|Any CPU
		{6E13ABF5-E215-4DE0-8DC2-6E2C8CDA959D}.Release|Any CPU.Build.0 = Release|Any CPU
		{27071E7E-E385-4002-8866-1938166980D6}.Debug|Any CPU.ActiveCfg = Debug|Any CPU
		{27071E7E-E385-4002-8866-1938166980D6}.Debug|Any CPU.Build.0 = Debug|Any CPU
		{27071E7E-E385-4002-8866-1938166980D6}.Release|Any CPU.ActiveCfg = Release|Any CPU
		{27071E7E-E385-4002-8866-1938166980D6}.Release|Any CPU.Build.0 = Release|Any CPU
		{C7EEE478-35D4-4429-B929-2625C45F2531}.Debug|Any CPU.ActiveCfg = Debug|Any CPU
		{C7EEE478-35D4-4429-B929-2625C45F2531}.Debug|Any CPU.Build.0 = Debug|Any CPU
		{C7EEE478-35D4-4429-B929-2625C45F2531}.Release|Any CPU.ActiveCfg = Release|Any CPU
		{C7EEE478-35D4-4429-B929-2625C45F2531}.Release|Any CPU.Build.0 = Release|Any CPU
		{9980FD0A-F8F2-4311-A0AA-F18C67C3D9B9}.Debug|Any CPU.ActiveCfg = Debug|Any CPU
		{9980FD0A-F8F2-4311-A0AA-F18C67C3D9B9}.Debug|Any CPU.Build.0 = Debug|Any CPU
		{9980FD0A-F8F2-4311-A0AA-F18C67C3D9B9}.Release|Any CPU.ActiveCfg = Release|Any CPU
		{9980FD0A-F8F2-4311-A0AA-F18C67C3D9B9}.Release|Any CPU.Build.0 = Release|Any CPU
		{BE0ACBF4-9587-4BBF-9246-2A4963FF2FB1}.Debug|Any CPU.ActiveCfg = Debug|Any CPU
		{BE0ACBF4-9587-4BBF-9246-2A4963FF2FB1}.Debug|Any CPU.Build.0 = Debug|Any CPU
		{BE0ACBF4-9587-4BBF-9246-2A4963FF2FB1}.Release|Any CPU.ActiveCfg = Release|Any CPU
		{BE0ACBF4-9587-4BBF-9246-2A4963FF2FB1}.Release|Any CPU.Build.0 = Release|Any CPU
		{D8E63434-3C7D-40C6-A246-3C48652E8933}.Debug|Any CPU.ActiveCfg = Debug|Any CPU
		{D8E63434-3C7D-40C6-A246-3C48652E8933}.Debug|Any CPU.Build.0 = Debug|Any CPU
		{D8E63434-3C7D-40C6-A246-3C48652E8933}.Release|Any CPU.ActiveCfg = Release|Any CPU
		{D8E63434-3C7D-40C6-A246-3C48652E8933}.Release|Any CPU.Build.0 = Release|Any CPU
	EndGlobalSection
	GlobalSection(SolutionProperties) = preSolution
		HideSolutionNode = FALSE
	EndGlobalSection
	GlobalSection(ExtensibilityGlobals) = postSolution
		SolutionGuid = {DBA9885D-8612-4E30-8D4B-06299D217667}
	EndGlobalSection
EndGlobal
